
Microsoft Visual Studio Solution File, Format Version 12.00
# Visual Studio Version 17
VisualStudioVersion = 17.2.32616.157
MinimumVisualStudioVersion = 10.0.40219.1
Project("{9A19103F-16F7-4668-BE54-9A1E7A4F7556}") = "OSRSAPI", "OSRSAPI\OSRSAPI.csproj", "{DAB7D5D8-06DD-45C2-845B-E25CCF356D86}"
EndProject
Project("{FAE04EC0-301F-11D3-BF4B-00C04F79EFBC}") = "OSRSAPI.Data", "Data\OSRSAPI.Data.csproj", "{B0B51538-F8C6-44E9-AE5E-01BFC8861BAA}"
EndProject
Project("{FAE04EC0-301F-11D3-BF4B-00C04F79EFBC}") = "OSRSAPI.Model", "Model\OSRSAPI.Model.csproj", "{2EC9884E-F451-4923-A1FF-391A089FA8C5}"
EndProject
Project("{FAE04EC0-301F-11D3-BF4B-00C04F79EFBC}") = "OSRSAPI.Services", "Services\OSRSAPI.Services.csproj", "{FA0188F2-3E57-4E64-B0C1-07798F4CD36A}"
EndProject
Global
	GlobalSection(SolutionConfigurationPlatforms) = preSolution
		Debug|Any CPU = Debug|Any CPU
		Release|Any CPU = Release|Any CPU
	EndGlobalSection
	GlobalSection(ProjectConfigurationPlatforms) = postSolution
		{DAB7D5D8-06DD-45C2-845B-E25CCF356D86}.Debug|Any CPU.ActiveCfg = Debug|Any CPU
		{DAB7D5D8-06DD-45C2-845B-E25CCF356D86}.Debug|Any CPU.Build.0 = Debug|Any CPU
		{DAB7D5D8-06DD-45C2-845B-E25CCF356D86}.Release|Any CPU.ActiveCfg = Release|Any CPU
		{DAB7D5D8-06DD-45C2-845B-E25CCF356D86}.Release|Any CPU.Build.0 = Release|Any CPU
		{B0B51538-F8C6-44E9-AE5E-01BFC8861BAA}.Debug|Any CPU.ActiveCfg = Debug|Any CPU
		{B0B51538-F8C6-44E9-AE5E-01BFC8861BAA}.Debug|Any CPU.Build.0 = Debug|Any CPU
		{B0B51538-F8C6-44E9-AE5E-01BFC8861BAA}.Release|Any CPU.ActiveCfg = Release|Any CPU
		{B0B51538-F8C6-44E9-AE5E-01BFC8861BAA}.Release|Any CPU.Build.0 = Release|Any CPU
		{2EC9884E-F451-4923-A1FF-391A089FA8C5}.Debug|Any CPU.ActiveCfg = Debug|Any CPU
		{2EC9884E-F451-4923-A1FF-391A089FA8C5}.Debug|Any CPU.Build.0 = Debug|Any CPU
		{2EC9884E-F451-4923-A1FF-391A089FA8C5}.Release|Any CPU.ActiveCfg = Release|Any CPU
		{2EC9884E-F451-4923-A1FF-391A089FA8C5}.Release|Any CPU.Build.0 = Release|Any CPU
		{FA0188F2-3E57-4E64-B0C1-07798F4CD36A}.Debug|Any CPU.ActiveCfg = Debug|Any CPU
		{FA0188F2-3E57-4E64-B0C1-07798F4CD36A}.Debug|Any CPU.Build.0 = Debug|Any CPU
		{FA0188F2-3E57-4E64-B0C1-07798F4CD36A}.Release|Any CPU.ActiveCfg = Release|Any CPU
		{FA0188F2-3E57-4E64-B0C1-07798F4CD36A}.Release|Any CPU.Build.0 = Release|Any CPU
	EndGlobalSection
	GlobalSection(SolutionProperties) = preSolution
		HideSolutionNode = FALSE
	EndGlobalSection
	GlobalSection(ExtensibilityGlobals) = postSolution
		SolutionGuid = {4271E47A-017B-4707-A1FD-0A3B7225BD8E}
	EndGlobalSection
EndGlobal
